
Microsoft Visual Studio Solution File, Format Version 12.00
# Visual Studio Version 17
VisualStudioVersion = 17.4.33020.496
MinimumVisualStudioVersion = 10.0.40219.1
Project("{FAE04EC0-301F-11D3-BF4B-00C04F79EFBC}") = "App.Framework.Console", "src\App.Framework.Console\App.Framework.Console.csproj", "{067AE9A9-39D9-4662-9F0F-FF4B25D2DDA2}"
EndProject
Project("{2150E333-8FDC-42A3-9474-1A3956D46DE8}") = "Framework", "Framework", "{945332C5-7C09-4401-9AE0-9087620A3150}"
EndProject
Project("{2150E333-8FDC-42A3-9474-1A3956D46DE8}") = "dotnet", "dotnet", "{B6CF1301-8373-40B5-AC7C-3D7256F7A914}"
EndProject
Project("{FAE04EC0-301F-11D3-BF4B-00C04F79EFBC}") = "App.Dotnet.Console", "src\App.Dotnet.Console\App.Dotnet.Console.csproj", "{9B082F00-0E5F-4ACE-B663-5E1628821004}"
EndProject
Project("{2150E333-8FDC-42A3-9474-1A3956D46DE8}") = "Benchmark", "Benchmark", "{1389167D-5C1C-43A1-A432-4D2E3FC99F0F}"
EndProject
Project("{FAE04EC0-301F-11D3-BF4B-00C04F79EFBC}") = "App.Formation.Benchmark", "src\App.Formation.Benchmark\App.Formation.Benchmark.csproj", "{605CB002-3893-4436-8618-2A55CD852C95}"
EndProject
Global
	GlobalSection(SolutionConfigurationPlatforms) = preSolution
		Debug|Any CPU = Debug|Any CPU
		Release|Any CPU = Release|Any CPU
	EndGlobalSection
	GlobalSection(ProjectConfigurationPlatforms) = postSolution
		{067AE9A9-39D9-4662-9F0F-FF4B25D2DDA2}.Debug|Any CPU.ActiveCfg = Debug|Any CPU
		{067AE9A9-39D9-4662-9F0F-FF4B25D2DDA2}.Debug|Any CPU.Build.0 = Debug|Any CPU
		{067AE9A9-39D9-4662-9F0F-FF4B25D2DDA2}.Release|Any CPU.ActiveCfg = Release|Any CPU
		{067AE9A9-39D9-4662-9F0F-FF4B25D2DDA2}.Release|Any CPU.Build.0 = Release|Any CPU
		{9B082F00-0E5F-4ACE-B663-5E1628821004}.Debug|Any CPU.ActiveCfg = Debug|Any CPU
		{9B082F00-0E5F-4ACE-B663-5E1628821004}.Debug|Any CPU.Build.0 = Debug|Any CPU
		{9B082F00-0E5F-4ACE-B663-5E1628821004}.Release|Any CPU.ActiveCfg = Release|Any CPU
		{9B082F00-0E5F-4ACE-B663-5E1628821004}.Release|Any CPU.Build.0 = Release|Any CPU
		{605CB002-3893-4436-8618-2A55CD852C95}.Debug|Any CPU.ActiveCfg = Debug|Any CPU
		{605CB002-3893-4436-8618-2A55CD852C95}.Debug|Any CPU.Build.0 = Debug|Any CPU
		{605CB002-3893-4436-8618-2A55CD852C95}.Release|Any CPU.ActiveCfg = Release|Any CPU
		{605CB002-3893-4436-8618-2A55CD852C95}.Release|Any CPU.Build.0 = Release|Any CPU
	EndGlobalSection
	GlobalSection(SolutionProperties) = preSolution
		HideSolutionNode = FALSE
	EndGlobalSection
	GlobalSection(NestedProjects) = preSolution
		{067AE9A9-39D9-4662-9F0F-FF4B25D2DDA2} = {945332C5-7C09-4401-9AE0-9087620A3150}
		{9B082F00-0E5F-4ACE-B663-5E1628821004} = {B6CF1301-8373-40B5-AC7C-3D7256F7A914}
		{605CB002-3893-4436-8618-2A55CD852C95} = {1389167D-5C1C-43A1-A432-4D2E3FC99F0F}
	EndGlobalSection
	GlobalSection(ExtensibilityGlobals) = postSolution
		SolutionGuid = {EB6A98B1-CD7C-422B-A117-9D592C69FA41}
	EndGlobalSection
EndGlobal
